// !$*UTF8*$!
{
	archiveVersion = 1;
	classes = {
	};
	objectVersion = 77;
	objects = {

/* Begin PBXBuildFile section */
		00FE3F2B90773BF66A0B0EB4 /* Sense.swift in Sources */ = {isa = PBXBuildFile; fileRef = 885E49C7534FAF85E093A3DA /* Sense.swift */; };
		0694C696EF4156CBE4BE1B6A /* CardPlayView.swift in Sources */ = {isa = PBXBuildFile; fileRef = 41C28FAE8CA06799AE9CA520 /* CardPlayView.swift */; };
		16B0A0429B58050DEE7A011C /* tiger.png in Resources */ = {isa = PBXBuildFile; fileRef = E19843F99D94C4D33D9C8F2A /* tiger.png */; };
		173A7EC8DEE07F8D4C084475 /* DeckExport.swift in Sources */ = {isa = PBXBuildFile; fileRef = ABDA7BE8D99F41D50ACF4374 /* DeckExport.swift */; };
		1B610B54A9140FC493F10EB0 /* SpeechListener.swift in Sources */ = {isa = PBXBuildFile; fileRef = D2D6BE2D453F5C84287472CC /* SpeechListener.swift */; };
		1D092AB987CE165195C39AB2 /* ReviewEngineTests.swift in Sources */ = {isa = PBXBuildFile; fileRef = 2ED2629AA71638788930608F /* ReviewEngineTests.swift */; };
		26E712C4F38FFC1D8699BE36 /* eating.png in Resources */ = {isa = PBXBuildFile; fileRef = 3E9489C648B52356EE3B5D10 /* eating.png */; };
		27996708F75D18F86A38682B /* LookupView.swift in Sources */ = {isa = PBXBuildFile; fileRef = AB8B1F9023E90A043E6E50FA /* LookupView.swift */; };
		342843B1CE4FD89E8D312C1B /* monkey.png in Resources */ = {isa = PBXBuildFile; fileRef = 9625DDB976493CFEAD0302CF /* monkey.png */; };
		34708AAB4BC3898227BF2AAC /* whiff.wav in Resources */ = {isa = PBXBuildFile; fileRef = 6FD120702E6E99F227971C3B /* whiff.wav */; };
		36C3E1A43553EC08B18FC5DD /* Balance.swift in Sources */ = {isa = PBXBuildFile; fileRef = 0133527D358D67007F897E88 /* Balance.swift */; };
		373DB72C18B49E276021EA78 /* DeckView.swift in Sources */ = {isa = PBXBuildFile; fileRef = BB83AEA67F0DDAC154A927ED /* DeckView.swift */; };
		477FA6427F07EE574857A96B /* coin.wav in Resources */ = {isa = PBXBuildFile; fileRef = FD12088FEC7578CD852C2920 /* coin.wav */; };
		4A40B5CAFD04906EBDA1CFB3 /* GameStore.swift in Sources */ = {isa = PBXBuildFile; fileRef = E2FC8597638058702A4FE8A4 /* GameStore.swift */; };
		514C7256AC0C16242D4AAC7B /* RunStateTests.swift in Sources */ = {isa = PBXBuildFile; fileRef = B26A87A1161C06B2181C8DB6 /* RunStateTests.swift */; };
		51B13498CA1FDB56F73AD239 /* LogStore.swift in Sources */ = {isa = PBXBuildFile; fileRef = DAD660C94DB4289000A31974 /* LogStore.swift */; };
		58C3ED21E1E734A561CCD06B /* BattleEngineTests.swift in Sources */ = {isa = PBXBuildFile; fileRef = E515F93170C95342E9B5CBAB /* BattleEngineTests.swift */; };
		5DDDA30AB8F4C2F1E081835F /* enemy-bat.png in Resources */ = {isa = PBXBuildFile; fileRef = 80708E580CB3851927CFFDED /* enemy-bat.png */; };
		63512937B2A77F005E803FB2 /* RunSummaryView.swift in Sources */ = {isa = PBXBuildFile; fileRef = 369F96880B88C1FE987EC1BA /* RunSummaryView.swift */; };
		71FC4D3FB87B23D06BEE0062 /* ShopView.swift in Sources */ = {isa = PBXBuildFile; fileRef = A5FC51319DA16D1047828BBA /* ShopView.swift */; };
		744D0D016191D42133E2DF96 /* bear.png in Resources */ = {isa = PBXBuildFile; fileRef = 552B5DFE7698E0C10D133F1E /* bear.png */; };
		76FC3009093342A985C06CDF /* BattleView.swift in Sources */ = {isa = PBXBuildFile; fileRef = 51BC4C3491C15749FE543B01 /* BattleView.swift */; };
		7D2D8DA8498E6322C85C03F4 /* StartListeningIntentTests.swift in Sources */ = {isa = PBXBuildFile; fileRef = BAF68296C620D4460B245F6B /* StartListeningIntentTests.swift */; };
		7D63F8E206CF5F7D014756A0 /* lion.png in Resources */ = {isa = PBXBuildFile; fileRef = 707F03FE5CBB27A637AA2026 /* lion.png */; };
		7FD1A5F66A4B0FF7DFB96388 /* HistoryView.swift in Sources */ = {isa = PBXBuildFile; fileRef = 9E1BBC063FCBB536E69ADC0D /* HistoryView.swift */; };
		836022555801767C3681139E /* CantoApp.swift in Sources */ = {isa = PBXBuildFile; fileRef = 32A6AE1480BF27184AF07F68 /* CantoApp.swift */; };
		85263D0CD20CECE0AB12750F /* victory.wav in Resources */ = {isa = PBXBuildFile; fileRef = 03E1F548931AAFC5A1723B69 /* victory.wav */; };
		8623C45CBABD0FE021C8E3E8 /* enemy-slime.png in Resources */ = {isa = PBXBuildFile; fileRef = 859CEC934BE2277BBAE84176 /* enemy-slime.png */; };
		86D9F666337B1F6A6D08BC4E /* SenseRowView.swift in Sources */ = {isa = PBXBuildFile; fileRef = D4DE484F3782F6AEA31A4C4A /* SenseRowView.swift */; };
		89B143731C0DCF9CDCEB057B /* flip.wav in Resources */ = {isa = PBXBuildFile; fileRef = EF66775D678C6D42D1A35D0A /* flip.wav */; };
		8AC25C30466185AE218E9461 /* DesignSnapshotTests.swift in Sources */ = {isa = PBXBuildFile; fileRef = 15A2E621F6984812321AC982 /* DesignSnapshotTests.swift */; };
		8BC37475838F379DF077CB66 /* GameTheme.swift in Sources */ = {isa = PBXBuildFile; fileRef = 4DF2A789AB8FC3B4584711B3 /* GameTheme.swift */; };
		8C30DD6B37C02C496B67FDAF /* boss-dragon.png in Resources */ = {isa = PBXBuildFile; fileRef = 58376CB1AD0C9A07DCF16311 /* boss-dragon.png */; };
		8EB65DAEF5374CEAFAED8C64 /* player-dad.png in Resources */ = {isa = PBXBuildFile; fileRef = 06EF141827598A71E0C2C13C /* player-dad.png */; };
		8FC3C8EDBD658BCD2A3DE42A /* TowerView.swift in Sources */ = {isa = PBXBuildFile; fileRef = 4D29854843ABF4A0961AE43A /* TowerView.swift */; };
		911210908328261E1A3BCCBE /* ReviewEngine.swift in Sources */ = {isa = PBXBuildFile; fileRef = FF3958C9D906F1C7AEAEEC7C /* ReviewEngine.swift */; };
		959048042509E6F3A74C2DC6 /* DictionaryStore.swift in Sources */ = {isa = PBXBuildFile; fileRef = 42903DD53615021D2A5ECC64 /* DictionaryStore.swift */; };
		9610802F9DE95FF7EC1F25AE /* DictionaryStoreTests.swift in Sources */ = {isa = PBXBuildFile; fileRef = A9E623D52C1824CDAA4B63E0 /* DictionaryStoreTests.swift */; };
		9F1A3CA7E411B126D82D2C7B /* coffee.png in Resources */ = {isa = PBXBuildFile; fileRef = 51CEFB08E3290E205796D26D /* coffee.png */; };
		AD4382B3C3AFF3DB21F7C4CE /* SFXPlayer.swift in Sources */ = {isa = PBXBuildFile; fileRef = DAE2A4A33E73BD06260D362E /* SFXPlayer.swift */; };
		AE048E9C43956155EF80F39C /* player-kid.png in Resources */ = {isa = PBXBuildFile; fileRef = 961B940FEF0F63FCA3BA7F3A /* player-kid.png */; };
		AFC32945D7F99821774BC0E8 /* CantoneseSpeakerTests.swift in Sources */ = {isa = PBXBuildFile; fileRef = C61C02CB19B0DA0520FFD65C /* CantoneseSpeakerTests.swift */; };
		B31CEA86B2ACF82034D72DB6 /* CardRecord.swift in Sources */ = {isa = PBXBuildFile; fileRef = AE9A465CFEE5318D7BCD0575 /* CardRecord.swift */; };
		B4EA2D7502F37E4721F967AD /* RunState.swift in Sources */ = {isa = PBXBuildFile; fileRef = 590DA1321B3F97AA899D3323 /* RunState.swift */; };
		B6F3E5DE852976155190EFDD /* CantoneseSpeaker.swift in Sources */ = {isa = PBXBuildFile; fileRef = 9216ABBD12327BE31E769C42 /* CantoneseSpeaker.swift */; };
		BB9AC54B7BB2B0EB36D569C0 /* CardPhotos.swift in Sources */ = {isa = PBXBuildFile; fileRef = 6351AEAE05630362D28C527E /* CardPhotos.swift */; };
		C1ABE009E89816510A8A8B5A /* DeckExportTests.swift in Sources */ = {isa = PBXBuildFile; fileRef = 78B8C874B5DA5F7232B19C21 /* DeckExportTests.swift */; };
		C388488D1D77AB805FEC60ED /* GameStoreTests.swift in Sources */ = {isa = PBXBuildFile; fileRef = 13D43970D60AD1596E99B349 /* GameStoreTests.swift */; };
		C4305E2869C1680F730ACA1F /* LogStoreTests.swift in Sources */ = {isa = PBXBuildFile; fileRef = D24662322C95C988A56FA1A1 /* LogStoreTests.swift */; };
		C6DDDF02FCCC833DE83F8A6F /* dict.sqlite in Resources */ = {isa = PBXBuildFile; fileRef = E8B88DC913690CFF62C689DD /* dict.sqlite */; };
		C890BC57CC559E0C3658AD7D /* defeat.wav in Resources */ = {isa = PBXBuildFile; fileRef = C80BF8EB118851ED5945540F /* defeat.wav */; };
		C9AB0B3024B4FE77452DF418 /* hit.wav in Resources */ = {isa = PBXBuildFile; fileRef = 62BD85D92F9C90628362791D /* hit.wav */; };
		D1969617E605B1EC9E745ED0 /* SpriteArtTests.swift in Sources */ = {isa = PBXBuildFile; fileRef = 0CAEF2C97B7141479B3CFA6B /* SpriteArtTests.swift */; };
		D2AE91B5437A243FCCE83121 /* GRDB in Frameworks */ = {isa = PBXBuildFile; productRef = 2945D2F46B209D75542E262F /* GRDB */; };
		D5830B9E87B44AB5CC3747E9 /* SFXTests.swift in Sources */ = {isa = PBXBuildFile; fileRef = EBD506A2E0B30C395813E389 /* SFXTests.swift */; };
		D75FF0DD5CEFF858E35B02D6 /* elephant.png in Resources */ = {isa = PBXBuildFile; fileRef = 7C08898C2E49408D0C189BD7 /* elephant.png */; };
		D7DD3425C8CA3C5E4C839CFB /* dolphin.png in Resources */ = {isa = PBXBuildFile; fileRef = D010A9ABBC25B4447F6ACB22 /* dolphin.png */; };
		DD3C1AEB815D9161C0DC2302 /* SpriteArt.swift in Sources */ = {isa = PBXBuildFile; fileRef = 9861B4059E180B4249D8317D /* SpriteArt.swift */; };
		E13647BB45161A54A7DC94D2 /* StartListeningIntent.swift in Sources */ = {isa = PBXBuildFile; fileRef = F813B0579C0397D60FD5DC79 /* StartListeningIntent.swift */; };
		E21AEB5C4916F98A92F94020 /* CameraPicker.swift in Sources */ = {isa = PBXBuildFile; fileRef = 84CA9D806C07C1BF39769FE6 /* CameraPicker.swift */; };
		E6118BDF824B1C6B8503FAA8 /* giraffe.png in Resources */ = {isa = PBXBuildFile; fileRef = 3668B28738E37763B837365E /* giraffe.png */; };
		E712A179C6664DAA95BA773C /* CardPhotosTests.swift in Sources */ = {isa = PBXBuildFile; fileRef = B5928EE16CD403B45E5744A0 /* CardPhotosTests.swift */; };
		E71DC3CACE43666EF60FC03A /* crocodile.png in Resources */ = {isa = PBXBuildFile; fileRef = E63D39740B4710E748F4BE8B /* crocodile.png */; };
		F40066913EC7094BF0C85804 /* TestHelpers.swift in Sources */ = {isa = PBXBuildFile; fileRef = A323CEF32315B19EE9127894 /* TestHelpers.swift */; };
		F90DB64C2DA050BAFDE18C7D /* AboutView.swift in Sources */ = {isa = PBXBuildFile; fileRef = 93E1C1C90BF81BF9E887C151 /* AboutView.swift */; };
		FE71B76FEA8D4CADEEDC481B /* SpeechListenerTests.swift in Sources */ = {isa = PBXBuildFile; fileRef = 442141962FAB4547CBBEF28E /* SpeechListenerTests.swift */; };
		FF157B9A655C161AC89EC301 /* TowerEngineTests.swift in Sources */ = {isa = PBXBuildFile; fileRef = 3811C71550E71654EDEFE0A4 /* TowerEngineTests.swift */; };
/* End PBXBuildFile section */

/* Begin PBXContainerItemProxy section */
		3816C20D917521C9BDDE1887 /* PBXContainerItemProxy */ = {
			isa = PBXContainerItemProxy;
			containerPortal = 2CB5F1C67D125A8E8D7C0F0D /* Project object */;
			proxyType = 1;
			remoteGlobalIDString = 5F4B68B139B3C527915844D5;
			remoteInfo = Canto;
		};
/* End PBXContainerItemProxy section */

/* Begin PBXFileReference section */
		0133527D358D67007F897E88 /* Balance.swift */ = {isa = PBXFileReference; lastKnownFileType = sourcecode.swift; path = Balance.swift; sourceTree = "<group>"; };
		03E1F548931AAFC5A1723B69 /* victory.wav */ = {isa = PBXFileReference; lastKnownFileType = audio.wav; path = victory.wav; sourceTree = "<group>"; };
		06EF141827598A71E0C2C13C /* player-dad.png */ = {isa = PBXFileReference; lastKnownFileType = image.png; path = "player-dad.png"; sourceTree = "<group>"; };
		0CAEF2C97B7141479B3CFA6B /* SpriteArtTests.swift */ = {isa = PBXFileReference; lastKnownFileType = sourcecode.swift; path = SpriteArtTests.swift; sourceTree = "<group>"; };
		13D43970D60AD1596E99B349 /* GameStoreTests.swift */ = {isa = PBXFileReference; lastKnownFileType = sourcecode.swift; path = GameStoreTests.swift; sourceTree = "<group>"; };
		15A2E621F6984812321AC982 /* DesignSnapshotTests.swift */ = {isa = PBXFileReference; lastKnownFileType = sourcecode.swift; path = DesignSnapshotTests.swift; sourceTree = "<group>"; };
		2D77F72AF034F0315D37A797 /* Info.plist */ = {isa = PBXFileReference; lastKnownFileType = text.plist; path = Info.plist; sourceTree = "<group>"; };
		2ED2629AA71638788930608F /* ReviewEngineTests.swift */ = {isa = PBXFileReference; lastKnownFileType = sourcecode.swift; path = ReviewEngineTests.swift; sourceTree = "<group>"; };
		32A6AE1480BF27184AF07F68 /* CantoApp.swift */ = {isa = PBXFileReference; lastKnownFileType = sourcecode.swift; path = CantoApp.swift; sourceTree = "<group>"; };
		3668B28738E37763B837365E /* giraffe.png */ = {isa = PBXFileReference; lastKnownFileType = image.png; path = giraffe.png; sourceTree = "<group>"; };
		369F96880B88C1FE987EC1BA /* RunSummaryView.swift */ = {isa = PBXFileReference; lastKnownFileType = sourcecode.swift; path = RunSummaryView.swift; sourceTree = "<group>"; };
		3811C71550E71654EDEFE0A4 /* TowerEngineTests.swift */ = {isa = PBXFileReference; lastKnownFileType = sourcecode.swift; path = TowerEngineTests.swift; sourceTree = "<group>"; };
		3E9489C648B52356EE3B5D10 /* eating.png */ = {isa = PBXFileReference; lastKnownFileType = image.png; path = eating.png; sourceTree = "<group>"; };
		4051A0699C7A7C83A5DEA783 /* CantoTests.xctest */ = {isa = PBXFileReference; includeInIndex = 0; lastKnownFileType = wrapper.cfbundle; path = CantoTests.xctest; sourceTree = BUILT_PRODUCTS_DIR; };
		41C28FAE8CA06799AE9CA520 /* CardPlayView.swift */ = {isa = PBXFileReference; lastKnownFileType = sourcecode.swift; path = CardPlayView.swift; sourceTree = "<group>"; };
		42903DD53615021D2A5ECC64 /* DictionaryStore.swift */ = {isa = PBXFileReference; lastKnownFileType = sourcecode.swift; path = DictionaryStore.swift; sourceTree = "<group>"; };
		442141962FAB4547CBBEF28E /* SpeechListenerTests.swift */ = {isa = PBXFileReference; lastKnownFileType = sourcecode.swift; path = SpeechListenerTests.swift; sourceTree = "<group>"; };
		4D29854843ABF4A0961AE43A /* TowerView.swift */ = {isa = PBXFileReference; lastKnownFileType = sourcecode.swift; path = TowerView.swift; sourceTree = "<group>"; };
		4DF2A789AB8FC3B4584711B3 /* GameTheme.swift */ = {isa = PBXFileReference; lastKnownFileType = sourcecode.swift; path = GameTheme.swift; sourceTree = "<group>"; };
		5089DDD4BF31B9AE8A30B132 /* Canto.app */ = {isa = PBXFileReference; includeInIndex = 0; lastKnownFileType = wrapper.application; path = Canto.app; sourceTree = BUILT_PRODUCTS_DIR; };
		51BC4C3491C15749FE543B01 /* BattleView.swift */ = {isa = PBXFileReference; lastKnownFileType = sourcecode.swift; path = BattleView.swift; sourceTree = "<group>"; };
		51CEFB08E3290E205796D26D /* coffee.png */ = {isa = PBXFileReference; lastKnownFileType = image.png; path = coffee.png; sourceTree = "<group>"; };
		552B5DFE7698E0C10D133F1E /* bear.png */ = {isa = PBXFileReference; lastKnownFileType = image.png; path = bear.png; sourceTree = "<group>"; };
		58376CB1AD0C9A07DCF16311 /* boss-dragon.png */ = {isa = PBXFileReference; lastKnownFileType = image.png; path = "boss-dragon.png"; sourceTree = "<group>"; };
		590DA1321B3F97AA899D3323 /* RunState.swift */ = {isa = PBXFileReference; lastKnownFileType = sourcecode.swift; path = RunState.swift; sourceTree = "<group>"; };
		62BD85D92F9C90628362791D /* hit.wav */ = {isa = PBXFileReference; lastKnownFileType = audio.wav; path = hit.wav; sourceTree = "<group>"; };
		6351AEAE05630362D28C527E /* CardPhotos.swift */ = {isa = PBXFileReference; lastKnownFileType = sourcecode.swift; path = CardPhotos.swift; sourceTree = "<group>"; };
		6FD120702E6E99F227971C3B /* whiff.wav */ = {isa = PBXFileReference; lastKnownFileType = audio.wav; path = whiff.wav; sourceTree = "<group>"; };
		707F03FE5CBB27A637AA2026 /* lion.png */ = {isa = PBXFileReference; lastKnownFileType = image.png; path = lion.png; sourceTree = "<group>"; };
		78B8C874B5DA5F7232B19C21 /* DeckExportTests.swift */ = {isa = PBXFileReference; lastKnownFileType = sourcecode.swift; path = DeckExportTests.swift; sourceTree = "<group>"; };
		7C08898C2E49408D0C189BD7 /* elephant.png */ = {isa = PBXFileReference; lastKnownFileType = image.png; path = elephant.png; sourceTree = "<group>"; };
		80708E580CB3851927CFFDED /* enemy-bat.png */ = {isa = PBXFileReference; lastKnownFileType = image.png; path = "enemy-bat.png"; sourceTree = "<group>"; };
		84CA9D806C07C1BF39769FE6 /* CameraPicker.swift */ = {isa = PBXFileReference; lastKnownFileType = sourcecode.swift; path = CameraPicker.swift; sourceTree = "<group>"; };
		859CEC934BE2277BBAE84176 /* enemy-slime.png */ = {isa = PBXFileReference; lastKnownFileType = image.png; path = "enemy-slime.png"; sourceTree = "<group>"; };
		885E49C7534FAF85E093A3DA /* Sense.swift */ = {isa = PBXFileReference; lastKnownFileType = sourcecode.swift; path = Sense.swift; sourceTree = "<group>"; };
		9216ABBD12327BE31E769C42 /* CantoneseSpeaker.swift */ = {isa = PBXFileReference; lastKnownFileType = sourcecode.swift; path = CantoneseSpeaker.swift; sourceTree = "<group>"; };
		93E1C1C90BF81BF9E887C151 /* AboutView.swift */ = {isa = PBXFileReference; lastKnownFileType = sourcecode.swift; path = AboutView.swift; sourceTree = "<group>"; };
		961B940FEF0F63FCA3BA7F3A /* player-kid.png */ = {isa = PBXFileReference; lastKnownFileType = image.png; path = "player-kid.png"; sourceTree = "<group>"; };
		9625DDB976493CFEAD0302CF /* monkey.png */ = {isa = PBXFileReference; lastKnownFileType = image.png; path = monkey.png; sourceTree = "<group>"; };
		9861B4059E180B4249D8317D /* SpriteArt.swift */ = {isa = PBXFileReference; lastKnownFileType = sourcecode.swift; path = SpriteArt.swift; sourceTree = "<group>"; };
		9E1BBC063FCBB536E69ADC0D /* HistoryView.swift */ = {isa = PBXFileReference; lastKnownFileType = sourcecode.swift; path = HistoryView.swift; sourceTree = "<group>"; };
		A323CEF32315B19EE9127894 /* TestHelpers.swift */ = {isa = PBXFileReference; lastKnownFileType = sourcecode.swift; path = TestHelpers.swift; sourceTree = "<group>"; };
		A5FC51319DA16D1047828BBA /* ShopView.swift */ = {isa = PBXFileReference; lastKnownFileType = sourcecode.swift; path = ShopView.swift; sourceTree = "<group>"; };
		A9E623D52C1824CDAA4B63E0 /* DictionaryStoreTests.swift */ = {isa = PBXFileReference; lastKnownFileType = sourcecode.swift; path = DictionaryStoreTests.swift; sourceTree = "<group>"; };
		AB8B1F9023E90A043E6E50FA /* LookupView.swift */ = {isa = PBXFileReference; lastKnownFileType = sourcecode.swift; path = LookupView.swift; sourceTree = "<group>"; };
		ABDA7BE8D99F41D50ACF4374 /* DeckExport.swift */ = {isa = PBXFileReference; lastKnownFileType = sourcecode.swift; path = DeckExport.swift; sourceTree = "<group>"; };
		AE9A465CFEE5318D7BCD0575 /* CardRecord.swift */ = {isa = PBXFileReference; lastKnownFileType = sourcecode.swift; path = CardRecord.swift; sourceTree = "<group>"; };
		B26A87A1161C06B2181C8DB6 /* RunStateTests.swift */ = {isa = PBXFileReference; lastKnownFileType = sourcecode.swift; path = RunStateTests.swift; sourceTree = "<group>"; };
		B5928EE16CD403B45E5744A0 /* CardPhotosTests.swift */ = {isa = PBXFileReference; lastKnownFileType = sourcecode.swift; path = CardPhotosTests.swift; sourceTree = "<group>"; };
		BAF68296C620D4460B245F6B /* StartListeningIntentTests.swift */ = {isa = PBXFileReference; lastKnownFileType = sourcecode.swift; path = StartListeningIntentTests.swift; sourceTree = "<group>"; };
		BB83AEA67F0DDAC154A927ED /* DeckView.swift */ = {isa = PBXFileReference; lastKnownFileType = sourcecode.swift; path = DeckView.swift; sourceTree = "<group>"; };
		C61C02CB19B0DA0520FFD65C /* CantoneseSpeakerTests.swift */ = {isa = PBXFileReference; lastKnownFileType = sourcecode.swift; path = CantoneseSpeakerTests.swift; sourceTree = "<group>"; };
		C80BF8EB118851ED5945540F /* defeat.wav */ = {isa = PBXFileReference; lastKnownFileType = audio.wav; path = defeat.wav; sourceTree = "<group>"; };
		D010A9ABBC25B4447F6ACB22 /* dolphin.png */ = {isa = PBXFileReference; lastKnownFileType = image.png; path = dolphin.png; sourceTree = "<group>"; };
		D24662322C95C988A56FA1A1 /* LogStoreTests.swift */ = {isa = PBXFileReference; lastKnownFileType = sourcecode.swift; path = LogStoreTests.swift; sourceTree = "<group>"; };
		D2D6BE2D453F5C84287472CC /* SpeechListener.swift */ = {isa = PBXFileReference; lastKnownFileType = sourcecode.swift; path = SpeechListener.swift; sourceTree = "<group>"; };
		D4DE484F3782F6AEA31A4C4A /* SenseRowView.swift */ = {isa = PBXFileReference; lastKnownFileType = sourcecode.swift; path = SenseRowView.swift; sourceTree = "<group>"; };
		DAD660C94DB4289000A31974 /* LogStore.swift */ = {isa = PBXFileReference; lastKnownFileType = sourcecode.swift; path = LogStore.swift; sourceTree = "<group>"; };
		DAE2A4A33E73BD06260D362E /* SFXPlayer.swift */ = {isa = PBXFileReference; lastKnownFileType = sourcecode.swift; path = SFXPlayer.swift; sourceTree = "<group>"; };
		E19843F99D94C4D33D9C8F2A /* tiger.png */ = {isa = PBXFileReference; lastKnownFileType = image.png; path = tiger.png; sourceTree = "<group>"; };
		E2FC8597638058702A4FE8A4 /* GameStore.swift */ = {isa = PBXFileReference; lastKnownFileType = sourcecode.swift; path = GameStore.swift; sourceTree = "<group>"; };
		E515F93170C95342E9B5CBAB /* BattleEngineTests.swift */ = {isa = PBXFileReference; lastKnownFileType = sourcecode.swift; path = BattleEngineTests.swift; sourceTree = "<group>"; };
		E63D39740B4710E748F4BE8B /* crocodile.png */ = {isa = PBXFileReference; lastKnownFileType = image.png; path = crocodile.png; sourceTree = "<group>"; };
		E8B88DC913690CFF62C689DD /* dict.sqlite */ = {isa = PBXFileReference; lastKnownFileType = file; path = dict.sqlite; sourceTree = "<group>"; };
		EBD506A2E0B30C395813E389 /* SFXTests.swift */ = {isa = PBXFileReference; lastKnownFileType = sourcecode.swift; path = SFXTests.swift; sourceTree = "<group>"; };
		EF66775D678C6D42D1A35D0A /* flip.wav */ = {isa = PBXFileReference; lastKnownFileType = audio.wav; path = flip.wav; sourceTree = "<group>"; };
		F813B0579C0397D60FD5DC79 /* StartListeningIntent.swift */ = {isa = PBXFileReference; lastKnownFileType = sourcecode.swift; path = StartListeningIntent.swift; sourceTree = "<group>"; };
		FD12088FEC7578CD852C2920 /* coin.wav */ = {isa = PBXFileReference; lastKnownFileType = audio.wav; path = coin.wav; sourceTree = "<group>"; };
		FF3958C9D906F1C7AEAEEC7C /* ReviewEngine.swift */ = {isa = PBXFileReference; lastKnownFileType = sourcecode.swift; path = ReviewEngine.swift; sourceTree = "<group>"; };
/* End PBXFileReference section */

/* Begin PBXFrameworksBuildPhase section */
		BFD4887240D5C74E9DB76CB1 /* Frameworks */ = {
			isa = PBXFrameworksBuildPhase;
			buildActionMask = 2147483647;
			files = (
				D2AE91B5437A243FCCE83121 /* GRDB in Frameworks */,
			);
			runOnlyForDeploymentPostprocessing = 0;
		};
/* End PBXFrameworksBuildPhase section */

/* Begin PBXGroup section */
		002942387C8C51519B95A909 /* Products */ = {
			isa = PBXGroup;
			children = (
				5089DDD4BF31B9AE8A30B132 /* Canto.app */,
				4051A0699C7A7C83A5DEA783 /* CantoTests.xctest */,
			);
			name = Products;
			sourceTree = "<group>";
		};
		1E87F3D37CBEF3AB3F8C3C48 = {
			isa = PBXGroup;
			children = (
				E5CA436B6FFDCD8074BCFB89 /* Canto */,
				64FCF21D364C5939F6F1CAB4 /* CantoTests */,
				002942387C8C51519B95A909 /* Products */,
			);
			sourceTree = "<group>";
		};
		2A206BE175F12AE7E56E98A7 /* Views */ = {
			isa = PBXGroup;
			children = (
				93E1C1C90BF81BF9E887C151 /* AboutView.swift */,
				51BC4C3491C15749FE543B01 /* BattleView.swift */,
				84CA9D806C07C1BF39769FE6 /* CameraPicker.swift */,
				41C28FAE8CA06799AE9CA520 /* CardPlayView.swift */,
				BB83AEA67F0DDAC154A927ED /* DeckView.swift */,
				4DF2A789AB8FC3B4584711B3 /* GameTheme.swift */,
				9E1BBC063FCBB536E69ADC0D /* HistoryView.swift */,
				AB8B1F9023E90A043E6E50FA /* LookupView.swift */,
				369F96880B88C1FE987EC1BA /* RunSummaryView.swift */,
				D4DE484F3782F6AEA31A4C4A /* SenseRowView.swift */,
				A5FC51319DA16D1047828BBA /* ShopView.swift */,
				9861B4059E180B4249D8317D /* SpriteArt.swift */,
				4D29854843ABF4A0961AE43A /* TowerView.swift */,
			);
			path = Views;
			sourceTree = "<group>";
		};
		58917F4EDBDAB47F9B102508 /* SFX */ = {
			isa = PBXGroup;
			children = (
				FD12088FEC7578CD852C2920 /* coin.wav */,
				C80BF8EB118851ED5945540F /* defeat.wav */,
				EF66775D678C6D42D1A35D0A /* flip.wav */,
				62BD85D92F9C90628362791D /* hit.wav */,
				03E1F548931AAFC5A1723B69 /* victory.wav */,
				6FD120702E6E99F227971C3B /* whiff.wav */,
			);
			path = SFX;
			sourceTree = "<group>";
		};
		5B007D05320BCEF73AC86645 /* Models */ = {
			isa = PBXGroup;
			children = (
				0133527D358D67007F897E88 /* Balance.swift */,
				6351AEAE05630362D28C527E /* CardPhotos.swift */,
				AE9A465CFEE5318D7BCD0575 /* CardRecord.swift */,
				ABDA7BE8D99F41D50ACF4374 /* DeckExport.swift */,
				42903DD53615021D2A5ECC64 /* DictionaryStore.swift */,
				E2FC8597638058702A4FE8A4 /* GameStore.swift */,
				DAD660C94DB4289000A31974 /* LogStore.swift */,
				FF3958C9D906F1C7AEAEEC7C /* ReviewEngine.swift */,
				590DA1321B3F97AA899D3323 /* RunState.swift */,
				885E49C7534FAF85E093A3DA /* Sense.swift */,
			);
			path = Models;
			sourceTree = "<group>";
		};
		64FCF21D364C5939F6F1CAB4 /* CantoTests */ = {
			isa = PBXGroup;
			children = (
				E515F93170C95342E9B5CBAB /* BattleEngineTests.swift */,
				C61C02CB19B0DA0520FFD65C /* CantoneseSpeakerTests.swift */,
				B5928EE16CD403B45E5744A0 /* CardPhotosTests.swift */,
				78B8C874B5DA5F7232B19C21 /* DeckExportTests.swift */,
				15A2E621F6984812321AC982 /* DesignSnapshotTests.swift */,
				A9E623D52C1824CDAA4B63E0 /* DictionaryStoreTests.swift */,
				13D43970D60AD1596E99B349 /* GameStoreTests.swift */,
				D24662322C95C988A56FA1A1 /* LogStoreTests.swift */,
				2ED2629AA71638788930608F /* ReviewEngineTests.swift */,
				B26A87A1161C06B2181C8DB6 /* RunStateTests.swift */,
				EBD506A2E0B30C395813E389 /* SFXTests.swift */,
				442141962FAB4547CBBEF28E /* SpeechListenerTests.swift */,
				0CAEF2C97B7141479B3CFA6B /* SpriteArtTests.swift */,
				BAF68296C620D4460B245F6B /* StartListeningIntentTests.swift */,
				A323CEF32315B19EE9127894 /* TestHelpers.swift */,
				3811C71550E71654EDEFE0A4 /* TowerEngineTests.swift */,
			);
			path = CantoTests;
			sourceTree = "<group>";
		};
		6F45F54363D23179F11F1059 /* Speech */ = {
			isa = PBXGroup;
			children = (
				9216ABBD12327BE31E769C42 /* CantoneseSpeaker.swift */,
				DAE2A4A33E73BD06260D362E /* SFXPlayer.swift */,
				D2D6BE2D453F5C84287472CC /* SpeechListener.swift */,
			);
			path = Speech;
			sourceTree = "<group>";
		};
		7143AB101F74B3B99E4E8088 /* Intents */ = {
			isa = PBXGroup;
			children = (
				F813B0579C0397D60FD5DC79 /* StartListeningIntent.swift */,
			);
			path = Intents;
			sourceTree = "<group>";
		};
		82580224A50319E9C01BFEC0 /* Resources */ = {
			isa = PBXGroup;
			children = (
				E8B88DC913690CFF62C689DD /* dict.sqlite */,
				58917F4EDBDAB47F9B102508 /* SFX */,
				A85253ED0742150362BC1B57 /* Sprites */,
			);
			path = Resources;
			sourceTree = "<group>";
		};
		A85253ED0742150362BC1B57 /* Sprites */ = {
			isa = PBXGroup;
			children = (
				552B5DFE7698E0C10D133F1E /* bear.png */,
				58376CB1AD0C9A07DCF16311 /* boss-dragon.png */,
				51CEFB08E3290E205796D26D /* coffee.png */,
				E63D39740B4710E748F4BE8B /* crocodile.png */,
				D010A9ABBC25B4447F6ACB22 /* dolphin.png */,
				3E9489C648B52356EE3B5D10 /* eating.png */,
				7C08898C2E49408D0C189BD7 /* elephant.png */,
				80708E580CB3851927CFFDED /* enemy-bat.png */,
				859CEC934BE2277BBAE84176 /* enemy-slime.png */,
				3668B28738E37763B837365E /* giraffe.png */,
				707F03FE5CBB27A637AA2026 /* lion.png */,
				9625DDB976493CFEAD0302CF /* monkey.png */,
				06EF141827598A71E0C2C13C /* player-dad.png */,
				961B940FEF0F63FCA3BA7F3A /* player-kid.png */,
				E19843F99D94C4D33D9C8F2A /* tiger.png */,
			);
			path = Sprites;
			sourceTree = "<group>";
		};
		E5CA436B6FFDCD8074BCFB89 /* Canto */ = {
			isa = PBXGroup;
			children = (
				32A6AE1480BF27184AF07F68 /* CantoApp.swift */,
				2D77F72AF034F0315D37A797 /* Info.plist */,
				7143AB101F74B3B99E4E8088 /* Intents */,
				5B007D05320BCEF73AC86645 /* Models */,
				82580224A50319E9C01BFEC0 /* Resources */,
				6F45F54363D23179F11F1059 /* Speech */,
				2A206BE175F12AE7E56E98A7 /* Views */,
			);
			path = Canto;
			sourceTree = "<group>";
		};
/* End PBXGroup section */

/* Begin PBXNativeTarget section */
		5F4B68B139B3C527915844D5 /* Canto */ = {
			isa = PBXNativeTarget;
			buildConfigurationList = 3E087C7CE24BEF50B4C60B9D /* Build configuration list for PBXNativeTarget "Canto" */;
			buildPhases = (
				CF014EB874496F7AAFE52391 /* Sources */,
				C6AC43198B4B0CC10E26D62E /* Resources */,
				BFD4887240D5C74E9DB76CB1 /* Frameworks */,
			);
			buildRules = (
			);
			dependencies = (
			);
			name = Canto;
			packageProductDependencies = (
				2945D2F46B209D75542E262F /* GRDB */,
			);
			productName = Canto;
			productReference = 5089DDD4BF31B9AE8A30B132 /* Canto.app */;
			productType = "com.apple.product-type.application";
		};
		D7F35048F843186746126779 /* CantoTests */ = {
			isa = PBXNativeTarget;
			buildConfigurationList = 828F44875409A61B3BFC7EA3 /* Build configuration list for PBXNativeTarget "CantoTests" */;
			buildPhases = (
				DED2B942FBE9396FE3BDCACF /* Sources */,
			);
			buildRules = (
			);
			dependencies = (
				15BCFB32103D70D7A33EB88D /* PBXTargetDependency */,
			);
			name = CantoTests;
			packageProductDependencies = (
			);
			productName = CantoTests;
			productReference = 4051A0699C7A7C83A5DEA783 /* CantoTests.xctest */;
			productType = "com.apple.product-type.bundle.unit-test";
		};
/* End PBXNativeTarget section */

/* Begin PBXProject section */
		2CB5F1C67D125A8E8D7C0F0D /* Project object */ = {
			isa = PBXProject;
			attributes = {
				BuildIndependentTargetsInParallel = YES;
				LastUpgradeCheck = 1430;
				TargetAttributes = {
					5F4B68B139B3C527915844D5 = {
						DevelopmentTeam = 56NFU58N9Q;
						ProvisioningStyle = Automatic;
					};
				};
			};
			buildConfigurationList = F0A364787D24532FA087464B /* Build configuration list for PBXProject "Canto" */;
			compatibilityVersion = "Xcode 14.0";
			developmentRegion = en;
			hasScannedForEncodings = 0;
			knownRegions = (
				Base,
				en,
			);
			mainGroup = 1E87F3D37CBEF3AB3F8C3C48;
			minimizedProjectReferenceProxies = 1;
			packageReferences = (
				B53CF0FEF4514256B0E9AEC6 /* XCRemoteSwiftPackageReference "GRDB.swift" */,
			);
			preferredProjectObjectVersion = 77;
			projectDirPath = "";
			projectRoot = "";
			targets = (
				5F4B68B139B3C527915844D5 /* Canto */,
				D7F35048F843186746126779 /* CantoTests */,
			);
		};
/* End PBXProject section */

/* Begin PBXResourcesBuildPhase section */
		C6AC43198B4B0CC10E26D62E /* Resources */ = {
			isa = PBXResourcesBuildPhase;
			buildActionMask = 2147483647;
			files = (
				744D0D016191D42133E2DF96 /* bear.png in Resources */,
				8C30DD6B37C02C496B67FDAF /* boss-dragon.png in Resources */,
				9F1A3CA7E411B126D82D2C7B /* coffee.png in Resources */,
				477FA6427F07EE574857A96B /* coin.wav in Resources */,
				E71DC3CACE43666EF60FC03A /* crocodile.png in Resources */,
				C890BC57CC559E0C3658AD7D /* defeat.wav in Resources */,
				C6DDDF02FCCC833DE83F8A6F /* dict.sqlite in Resources */,
				D7DD3425C8CA3C5E4C839CFB /* dolphin.png in Resources */,
				26E712C4F38FFC1D8699BE36 /* eating.png in Resources */,
				D75FF0DD5CEFF858E35B02D6 /* elephant.png in Resources */,
				5DDDA30AB8F4C2F1E081835F /* enemy-bat.png in Resources */,
				8623C45CBABD0FE021C8E3E8 /* enemy-slime.png in Resources */,
				89B143731C0DCF9CDCEB057B /* flip.wav in Resources */,
				E6118BDF824B1C6B8503FAA8 /* giraffe.png in Resources */,
				C9AB0B3024B4FE77452DF418 /* hit.wav in Resources */,
				7D63F8E206CF5F7D014756A0 /* lion.png in Resources */,
				342843B1CE4FD89E8D312C1B /* monkey.png in Resources */,
				8EB65DAEF5374CEAFAED8C64 /* player-dad.png in Resources */,
				AE048E9C43956155EF80F39C /* player-kid.png in Resources */,
				16B0A0429B58050DEE7A011C /* tiger.png in Resources */,
				85263D0CD20CECE0AB12750F /* victory.wav in Resources */,
				34708AAB4BC3898227BF2AAC /* whiff.wav in Resources */,
			);
			runOnlyForDeploymentPostprocessing = 0;
		};
/* End PBXResourcesBuildPhase section */

/* Begin PBXSourcesBuildPhase section */
		CF014EB874496F7AAFE52391 /* Sources */ = {
			isa = PBXSourcesBuildPhase;
			buildActionMask = 2147483647;
			files = (
				F90DB64C2DA050BAFDE18C7D /* AboutView.swift in Sources */,
				36C3E1A43553EC08B18FC5DD /* Balance.swift in Sources */,
				76FC3009093342A985C06CDF /* BattleView.swift in Sources */,
				E21AEB5C4916F98A92F94020 /* CameraPicker.swift in Sources */,
				836022555801767C3681139E /* CantoApp.swift in Sources */,
				B6F3E5DE852976155190EFDD /* CantoneseSpeaker.swift in Sources */,
				BB9AC54B7BB2B0EB36D569C0 /* CardPhotos.swift in Sources */,
				0694C696EF4156CBE4BE1B6A /* CardPlayView.swift in Sources */,
				B31CEA86B2ACF82034D72DB6 /* CardRecord.swift in Sources */,
				173A7EC8DEE07F8D4C084475 /* DeckExport.swift in Sources */,
				373DB72C18B49E276021EA78 /* DeckView.swift in Sources */,
				959048042509E6F3A74C2DC6 /* DictionaryStore.swift in Sources */,
				4A40B5CAFD04906EBDA1CFB3 /* GameStore.swift in Sources */,
				8BC37475838F379DF077CB66 /* GameTheme.swift in Sources */,
				7FD1A5F66A4B0FF7DFB96388 /* HistoryView.swift in Sources */,
				51B13498CA1FDB56F73AD239 /* LogStore.swift in Sources */,
				27996708F75D18F86A38682B /* LookupView.swift in Sources */,
				911210908328261E1A3BCCBE /* ReviewEngine.swift in Sources */,
				B4EA2D7502F37E4721F967AD /* RunState.swift in Sources */,
				63512937B2A77F005E803FB2 /* RunSummaryView.swift in Sources */,
				AD4382B3C3AFF3DB21F7C4CE /* SFXPlayer.swift in Sources */,
				00FE3F2B90773BF66A0B0EB4 /* Sense.swift in Sources */,
				86D9F666337B1F6A6D08BC4E /* SenseRowView.swift in Sources */,
				71FC4D3FB87B23D06BEE0062 /* ShopView.swift in Sources */,
				1B610B54A9140FC493F10EB0 /* SpeechListener.swift in Sources */,
				DD3C1AEB815D9161C0DC2302 /* SpriteArt.swift in Sources */,
				E13647BB45161A54A7DC94D2 /* StartListeningIntent.swift in Sources */,
				8FC3C8EDBD658BCD2A3DE42A /* TowerView.swift in Sources */,
			);
			runOnlyForDeploymentPostprocessing = 0;
		};
		DED2B942FBE9396FE3BDCACF /* Sources */ = {
			isa = PBXSourcesBuildPhase;
			buildActionMask = 2147483647;
			files = (
				58C3ED21E1E734A561CCD06B /* BattleEngineTests.swift in Sources */,
				AFC32945D7F99821774BC0E8 /* CantoneseSpeakerTests.swift in Sources */,
				E712A179C6664DAA95BA773C /* CardPhotosTests.swift in Sources */,
				C1ABE009E89816510A8A8B5A /* DeckExportTests.swift in Sources */,
				8AC25C30466185AE218E9461 /* DesignSnapshotTests.swift in Sources */,
				9610802F9DE95FF7EC1F25AE /* DictionaryStoreTests.swift in Sources */,
				C388488D1D77AB805FEC60ED /* GameStoreTests.swift in Sources */,
				C4305E2869C1680F730ACA1F /* LogStoreTests.swift in Sources */,
				1D092AB987CE165195C39AB2 /* ReviewEngineTests.swift in Sources */,
				514C7256AC0C16242D4AAC7B /* RunStateTests.swift in Sources */,
				D5830B9E87B44AB5CC3747E9 /* SFXTests.swift in Sources */,
				FE71B76FEA8D4CADEEDC481B /* SpeechListenerTests.swift in Sources */,
				D1969617E605B1EC9E745ED0 /* SpriteArtTests.swift in Sources */,
				7D2D8DA8498E6322C85C03F4 /* StartListeningIntentTests.swift in Sources */,
				F40066913EC7094BF0C85804 /* TestHelpers.swift in Sources */,
				FF157B9A655C161AC89EC301 /* TowerEngineTests.swift in Sources */,
			);
			runOnlyForDeploymentPostprocessing = 0;
		};
/* End PBXSourcesBuildPhase section */

/* Begin PBXTargetDependency section */
		15BCFB32103D70D7A33EB88D /* PBXTargetDependency */ = {
			isa = PBXTargetDependency;
			target = 5F4B68B139B3C527915844D5 /* Canto */;
			targetProxy = 3816C20D917521C9BDDE1887 /* PBXContainerItemProxy */;
		};
/* End PBXTargetDependency section */

/* Begin XCBuildConfiguration section */
		1703C341D9986C40E8150254 /* Debug */ = {
			isa = XCBuildConfiguration;
			buildSettings = {
				ALWAYS_SEARCH_USER_PATHS = NO;
				CLANG_ANALYZER_NONNULL = YES;
				CLANG_ANALYZER_NUMBER_OBJECT_CONVERSION = YES_AGGRESSIVE;
				CLANG_CXX_LANGUAGE_STANDARD = "gnu++14";
				CLANG_CXX_LIBRARY = "libc++";
				CLANG_ENABLE_MODULES = YES;
				CLANG_ENABLE_OBJC_ARC = YES;
				CLANG_ENABLE_OBJC_WEAK = YES;
				CLANG_WARN_BLOCK_CAPTURE_AUTORELEASING = YES;
				CLANG_WARN_BOOL_CONVERSION = YES;
				CLANG_WARN_COMMA = YES;
				CLANG_WARN_CONSTANT_CONVERSION = YES;
				CLANG_WARN_DEPRECATED_OBJC_IMPLEMENTATIONS = YES;
				CLANG_WARN_DIRECT_OBJC_ISA_USAGE = YES_ERROR;
				CLANG_WARN_DOCUMENTATION_COMMENTS = YES;
				CLANG_WARN_EMPTY_BODY = YES;
				CLANG_WARN_ENUM_CONVERSION = YES;
				CLANG_WARN_INFINITE_RECURSION = YES;
				CLANG_WARN_INT_CONVERSION = YES;
				CLANG_WARN_NON_LITERAL_NULL_CONVERSION = YES;
				CLANG_WARN_OBJC_IMPLICIT_RETAIN_SELF = YES;
				CLANG_WARN_OBJC_LITERAL_CONVERSION = YES;
				CLANG_WARN_OBJC_ROOT_CLASS = YES_ERROR;
				CLANG_WARN_QUOTED_INCLUDE_IN_FRAMEWORK_HEADER = YES;
				CLANG_WARN_RANGE_LOOP_ANALYSIS = YES;
				CLANG_WARN_STRICT_PROTOTYPES = YES;
				CLANG_WARN_SUSPICIOUS_MOVE = YES;
				CLANG_WARN_UNGUARDED_AVAILABILITY = YES_AGGRESSIVE;
				CLANG_WARN_UNREACHABLE_CODE = YES;
				CLANG_WARN__DUPLICATE_METHOD_MATCH = YES;
				COPY_PHASE_STRIP = NO;
				DEBUG_INFORMATION_FORMAT = dwarf;
				ENABLE_STRICT_OBJC_MSGSEND = YES;
				ENABLE_TESTABILITY = YES;
				GCC_C_LANGUAGE_STANDARD = gnu11;
				GCC_DYNAMIC_NO_PIC = NO;
				GCC_NO_COMMON_BLOCKS = YES;
				GCC_OPTIMIZATION_LEVEL = 0;
				GCC_PREPROCESSOR_DEFINITIONS = (
					"$(inherited)",
					"DEBUG=1",
				);
				GCC_WARN_64_TO_32_BIT_CONVERSION = YES;
				GCC_WARN_ABOUT_RETURN_TYPE = YES_ERROR;
				GCC_WARN_UNDECLARED_SELECTOR = YES;
				GCC_WARN_UNINITIALIZED_AUTOS = YES_AGGRESSIVE;
				GCC_WARN_UNUSED_FUNCTION = YES;
				GCC_WARN_UNUSED_VARIABLE = YES;
				IPHONEOS_DEPLOYMENT_TARGET = 17.0;
				MTL_ENABLE_DEBUG_INFO = INCLUDE_SOURCE;
				MTL_FAST_MATH = YES;
				ONLY_ACTIVE_ARCH = YES;
				PRODUCT_NAME = "$(TARGET_NAME)";
				SDKROOT = iphoneos;
				SWIFT_ACTIVE_COMPILATION_CONDITIONS = DEBUG;
				SWIFT_OPTIMIZATION_LEVEL = "-Onone";
				SWIFT_VERSION = 5.0;
			};
			name = Debug;
		};
		29D83FD1CF374EF794F53482 /* Release */ = {
			isa = XCBuildConfiguration;
			buildSettings = {
				ASSETCATALOG_COMPILER_APPICON_NAME = AppIcon;
				CODE_SIGN_IDENTITY = "iPhone Developer";
				CODE_SIGN_STYLE = Automatic;
				CURRENT_PROJECT_VERSION = 1;
				DEVELOPMENT_TEAM = 56NFU58N9Q;
				INFOPLIST_FILE = Canto/Info.plist;
				LD_RUNPATH_SEARCH_PATHS = (
					"$(inherited)",
					"@executable_path/Frameworks",
				);
				PRODUCT_BUNDLE_IDENTIFIER = com.kevinmok.cantoapp;
				SDKROOT = iphoneos;
				SWIFT_VERSION = 5.0;
				TARGETED_DEVICE_FAMILY = 1;
			};
			name = Release;
		};
		5951BB8701D056490DDF06D1 /* Release */ = {
			isa = XCBuildConfiguration;
			buildSettings = {
				ALWAYS_SEARCH_USER_PATHS = NO;
				CLANG_ANALYZER_NONNULL = YES;
				CLANG_ANALYZER_NUMBER_OBJECT_CONVERSION = YES_AGGRESSIVE;
				CLANG_CXX_LANGUAGE_STANDARD = "gnu++14";
				CLANG_CXX_LIBRARY = "libc++";
				CLANG_ENABLE_MODULES = YES;
				CLANG_ENABLE_OBJC_ARC = YES;
				CLANG_ENABLE_OBJC_WEAK = YES;
				CLANG_WARN_BLOCK_CAPTURE_AUTORELEASING = YES;
				CLANG_WARN_BOOL_CONVERSION = YES;
				CLANG_WARN_COMMA = YES;
				CLANG_WARN_CONSTANT_CONVERSION = YES;
				CLANG_WARN_DEPRECATED_OBJC_IMPLEMENTATIONS = YES;
				CLANG_WARN_DIRECT_OBJC_ISA_USAGE = YES_ERROR;
				CLANG_WARN_DOCUMENTATION_COMMENTS = YES;
				CLANG_WARN_EMPTY_BODY = YES;
				CLANG_WARN_ENUM_CONVERSION = YES;
				CLANG_WARN_INFINITE_RECURSION = YES;
				CLANG_WARN_INT_CONVERSION = YES;
				CLANG_WARN_NON_LITERAL_NULL_CONVERSION = YES;
				CLANG_WARN_OBJC_IMPLICIT_RETAIN_SELF = YES;
				CLANG_WARN_OBJC_LITERAL_CONVERSION = YES;
				CLANG_WARN_OBJC_ROOT_CLASS = YES_ERROR;
				CLANG_WARN_QUOTED_INCLUDE_IN_FRAMEWORK_HEADER = YES;
				CLANG_WARN_RANGE_LOOP_ANALYSIS = YES;
				CLANG_WARN_STRICT_PROTOTYPES = YES;
				CLANG_WARN_SUSPICIOUS_MOVE = YES;
				CLANG_WARN_UNGUARDED_AVAILABILITY = YES_AGGRESSIVE;
				CLANG_WARN_UNREACHABLE_CODE = YES;
				CLANG_WARN__DUPLICATE_METHOD_MATCH = YES;
				COPY_PHASE_STRIP = NO;
				DEBUG_INFORMATION_FORMAT = "dwarf-with-dsym";
				ENABLE_NS_ASSERTIONS = NO;
				ENABLE_STRICT_OBJC_MSGSEND = YES;
				GCC_C_LANGUAGE_STANDARD = gnu11;
				GCC_NO_COMMON_BLOCKS = YES;
				GCC_WARN_64_TO_32_BIT_CONVERSION = YES;
				GCC_WARN_ABOUT_RETURN_TYPE = YES_ERROR;
				GCC_WARN_UNDECLARED_SELECTOR = YES;
				GCC_WARN_UNINITIALIZED_AUTOS = YES_AGGRESSIVE;
				GCC_WARN_UNUSED_FUNCTION = YES;
				GCC_WARN_UNUSED_VARIABLE = YES;
				IPHONEOS_DEPLOYMENT_TARGET = 17.0;
				MTL_ENABLE_DEBUG_INFO = NO;
				MTL_FAST_MATH = YES;
				PRODUCT_NAME = "$(TARGET_NAME)";
				SDKROOT = iphoneos;
				SWIFT_COMPILATION_MODE = wholemodule;
				SWIFT_OPTIMIZATION_LEVEL = "-O";
				SWIFT_VERSION = 5.0;
			};
			name = Release;
		};
		641A8F23B58C47A44944941C /* Debug */ = {
			isa = XCBuildConfiguration;
			buildSettings = {
				BUNDLE_LOADER = "$(TEST_HOST)";
				GENERATE_INFOPLIST_FILE = YES;
				LD_RUNPATH_SEARCH_PATHS = (
					"$(inherited)",
					"@executable_path/Frameworks",
					"@loader_path/Frameworks",
				);
				PRODUCT_BUNDLE_IDENTIFIER = com.kevinmok.cantoapp.tests;
				SDKROOT = iphoneos;
				SWIFT_VERSION = 5.0;
				TARGETED_DEVICE_FAMILY = "1,2";
				TEST_HOST = "$(BUILT_PRODUCTS_DIR)/Canto.app/Canto";
			};
			name = Debug;
		};
		698B67217E61B328205778B3 /* Debug */ = {
			isa = XCBuildConfiguration;
			buildSettings = {
				ASSETCATALOG_COMPILER_APPICON_NAME = AppIcon;
				CODE_SIGN_IDENTITY = "iPhone Developer";
				CODE_SIGN_STYLE = Automatic;
				CURRENT_PROJECT_VERSION = 1;
				DEVELOPMENT_TEAM = 56NFU58N9Q;
				INFOPLIST_FILE = Canto/Info.plist;
				LD_RUNPATH_SEARCH_PATHS = (
					"$(inherited)",
					"@executable_path/Frameworks",
				);
				PRODUCT_BUNDLE_IDENTIFIER = com.kevinmok.cantoapp;
				SDKROOT = iphoneos;
				SWIFT_VERSION = 5.0;
				TARGETED_DEVICE_FAMILY = 1;
			};
			name = Debug;
		};
		FF00964B42DA470A32CF9606 /* Release */ = {
			isa = XCBuildConfiguration;
			buildSettings = {
				BUNDLE_LOADER = "$(TEST_HOST)";
				GENERATE_INFOPLIST_FILE = YES;
				LD_RUNPATH_SEARCH_PATHS = (
					"$(inherited)",
					"@executable_path/Frameworks",
					"@loader_path/Frameworks",
				);
				PRODUCT_BUNDLE_IDENTIFIER = com.kevinmok.cantoapp.tests;
				SDKROOT = iphoneos;
				SWIFT_VERSION = 5.0;
				TARGETED_DEVICE_FAMILY = "1,2";
				TEST_HOST = "$(BUILT_PRODUCTS_DIR)/Canto.app/Canto";
			};
			name = Release;
		};
/* End XCBuildConfiguration section */

/* Begin XCConfigurationList section */
		3E087C7CE24BEF50B4C60B9D /* Build configuration list for PBXNativeTarget "Canto" */ = {
			isa = XCConfigurationList;
			buildConfigurations = (
				698B67217E61B328205778B3 /* Debug */,
				29D83FD1CF374EF794F53482 /* Release */,
			);
			defaultConfigurationIsVisible = 0;
			defaultConfigurationName = Debug;
		};
		828F44875409A61B3BFC7EA3 /* Build configuration list for PBXNativeTarget "CantoTests" */ = {
			isa = XCConfigurationList;
			buildConfigurations = (
				641A8F23B58C47A44944941C /* Debug */,
				FF00964B42DA470A32CF9606 /* Release */,
			);
			defaultConfigurationIsVisible = 0;
			defaultConfigurationName = Debug;
		};
		F0A364787D24532FA087464B /* Build configuration list for PBXProject "Canto" */ = {
			isa = XCConfigurationList;
			buildConfigurations = (
				1703C341D9986C40E8150254 /* Debug */,
				5951BB8701D056490DDF06D1 /* Release */,
			);
			defaultConfigurationIsVisible = 0;
			defaultConfigurationName = Debug;
		};
/* End XCConfigurationList section */

/* Begin XCRemoteSwiftPackageReference section */
		B53CF0FEF4514256B0E9AEC6 /* XCRemoteSwiftPackageReference "GRDB.swift" */ = {
			isa = XCRemoteSwiftPackageReference;
			repositoryURL = "https://github.com/groue/GRDB.swift";
			requirement = {
				kind = upToNextMajorVersion;
				minimumVersion = 7.0.0;
			};
		};
/* End XCRemoteSwiftPackageReference section */

/* Begin XCSwiftPackageProductDependency section */
		2945D2F46B209D75542E262F /* GRDB */ = {
			isa = XCSwiftPackageProductDependency;
			package = B53CF0FEF4514256B0E9AEC6 /* XCRemoteSwiftPackageReference "GRDB.swift" */;
			productName = GRDB;
		};
/* End XCSwiftPackageProductDependency section */
	};
	rootObject = 2CB5F1C67D125A8E8D7C0F0D /* Project object */;
}
